
Microsoft Visual Studio Solution File, Format Version 12.00
# Visual Studio 15
Project("{FAE04EC0-301F-11D3-BF4B-00C04F79EFBC}") = "Assembly-CSharp-firstpass", "Assembly-CSharp-firstpass.csproj", "{0FC59678-8402-1B5A-D5BE-3FD4602ABBC7}"
EndProject
Project("{FAE04EC0-301F-11D3-BF4B-00C04F79EFBC}") = "Assembly-CSharp", "Assembly-CSharp.csproj", "{73F05E0C-51CC-D5D6-9BF4-8B038D631908}"
EndProject
Project("{FAE04EC0-301F-11D3-BF4B-00C04F79EFBC}") = "Assembly-CSharp-Editor-firstpass", "Assembly-CSharp-Editor-firstpass.csproj", "{435FA837-95D1-2C1E-D279-ECEA6DE5B238}"
EndProject
Project("{FAE04EC0-301F-11D3-BF4B-00C04F79EFBC}") = "Assembly-CSharp-Editor", "Assembly-CSharp-Editor.csproj", "{73F4BDA2-6949-5F32-CAC2-D2ADE18B5096}"
EndProject
Global
	GlobalSection(SolutionConfigurationPlatforms) = preSolution
		Debug|Any CPU = Debug|Any CPU
		Release|Any CPU = Release|Any CPU
	EndGlobalSection
	GlobalSection(ProjectConfigurationPlatforms) = postSolution
		{0FC59678-8402-1B5A-D5BE-3FD4602ABBC7}.Debug|Any CPU.ActiveCfg = Debug|Any CPU
		{0FC59678-8402-1B5A-D5BE-3FD4602ABBC7}.Debug|Any CPU.Build.0 = Debug|Any CPU
		{0FC59678-8402-1B5A-D5BE-3FD4602ABBC7}.Release|Any CPU.ActiveCfg = Release|Any CPU
		{0FC59678-8402-1B5A-D5BE-3FD4602ABBC7}.Release|Any CPU.Build.0 = Release|Any CPU
		{73F05E0C-51CC-D5D6-9BF4-8B038D631908}.Debug|Any CPU.ActiveCfg = Debug|Any CPU
		{73F05E0C-51CC-D5D6-9BF4-8B038D631908}.Debug|Any CPU.Build.0 = Debug|Any CPU
		{73F05E0C-51CC-D5D6-9BF4-8B038D631908}.Release|Any CPU.ActiveCfg = Release|Any CPU
		{73F05E0C-51CC-D5D6-9BF4-8B038D631908}.Release|Any CPU.Build.0 = Release|Any CPU
		{435FA837-95D1-2C1E-D279-ECEA6DE5B238}.Debug|Any CPU.ActiveCfg = Debug|Any CPU
		{435FA837-95D1-2C1E-D279-ECEA6DE5B238}.Debug|Any CPU.Build.0 = Debug|Any CPU
		{435FA837-95D1-2C1E-D279-ECEA6DE5B238}.Release|Any CPU.ActiveCfg = Release|Any CPU
		{435FA837-95D1-2C1E-D279-ECEA6DE5B238}.Release|Any CPU.Build.0 = Release|Any CPU
		{73F4BDA2-6949-5F32-CAC2-D2ADE18B5096}.Debug|Any CPU.ActiveCfg = Debug|Any CPU
		{73F4BDA2-6949-5F32-CAC2-D2ADE18B5096}.Debug|Any CPU.Build.0 = Debug|Any CPU
		{73F4BDA2-6949-5F32-CAC2-D2ADE18B5096}.Release|Any CPU.ActiveCfg = Release|Any CPU
		{73F4BDA2-6949-5F32-CAC2-D2ADE18B5096}.Release|Any CPU.Build.0 = Release|Any CPU
	EndGlobalSection
	GlobalSection(SolutionProperties) = preSolution
		HideSolutionNode = FALSE
	EndGlobalSection
EndGlobal
